
Microsoft Visual Studio Solution File, Format Version 12.00
# Visual Studio 15
VisualStudioVersion = 15.0.27130.2026
MinimumVisualStudioVersion = 10.0.40219.1
Project("{2150E333-8FDC-42A3-9474-1A3956D46DE8}") = "src", "src", "{095889D2-1E9E-4398-B34D-161882DFD842}"
EndProject
Project("{2150E333-8FDC-42A3-9474-1A3956D46DE8}") = "Solution Items", "Solution Items", "{76E7C03E-A791-488C-A55D-601542483385}"
EndProject
Project("{2150E333-8FDC-42A3-9474-1A3956D46DE8}") = "test", "test", "{590A8271-85CB-4143-A18F-6B9F0A100C79}"
EndProject
Project("{FAE04EC0-301F-11D3-BF4B-00C04F79EFBC}") = "Braintree", "src\Braintree\Braintree.xproj", "{D0A473FA-E30B-4AF8-BB78-C1D81C9CAAB5}"
EndProject
Project("{9A19103F-16F7-4668-BE54-9A1E7A4F7556}") = "Braintree.Tests", "test\Braintree.Tests\Braintree.Tests.csproj", "{60234E7B-1181-4EFF-96EE-624B4524D788}"
EndProject
Project("{9A19103F-16F7-4668-BE54-9A1E7A4F7556}") = "Braintree.Tests.Integration", "test\Braintree.Tests.Integration\Braintree.Tests.Integration.csproj", "{EA74DAFD-7B57-4A74-942B-1674F4596662}"
EndProject
Project("{9A19103F-16F7-4668-BE54-9A1E7A4F7556}") = "Braintree.TestUtil", "test\Braintree.TestUtil\Braintree.TestUtil.csproj", "{43B67537-F368-4734-B00A-57D8D33D3656}"
EndProject
Global
	GlobalSection(SolutionConfigurationPlatforms) = preSolution
		Debug|Any CPU = Debug|Any CPU
		Release|Any CPU = Release|Any CPU
	EndGlobalSection
	GlobalSection(ProjectConfigurationPlatforms) = postSolution
		{D0A473FA-E30B-4AF8-BB78-C1D81C9CAAB5}.Debug|Any CPU.ActiveCfg = Debug|Any CPU
		{D0A473FA-E30B-4AF8-BB78-C1D81C9CAAB5}.Debug|Any CPU.Build.0 = Debug|Any CPU
		{D0A473FA-E30B-4AF8-BB78-C1D81C9CAAB5}.Release|Any CPU.ActiveCfg = Release|Any CPU
		{D0A473FA-E30B-4AF8-BB78-C1D81C9CAAB5}.Release|Any CPU.Build.0 = Release|Any CPU
		{60234E7B-1181-4EFF-96EE-624B4524D788}.Debug|Any CPU.ActiveCfg = Debug|Any CPU
		{60234E7B-1181-4EFF-96EE-624B4524D788}.Debug|Any CPU.Build.0 = Debug|Any CPU
		{60234E7B-1181-4EFF-96EE-624B4524D788}.Release|Any CPU.ActiveCfg = Release|Any CPU
		{60234E7B-1181-4EFF-96EE-624B4524D788}.Release|Any CPU.Build.0 = Release|Any CPU
		{EA74DAFD-7B57-4A74-942B-1674F4596662}.Debug|Any CPU.ActiveCfg = Debug|Any CPU
		{EA74DAFD-7B57-4A74-942B-1674F4596662}.Debug|Any CPU.Build.0 = Debug|Any CPU
		{EA74DAFD-7B57-4A74-942B-1674F4596662}.Release|Any CPU.ActiveCfg = Release|Any CPU
		{EA74DAFD-7B57-4A74-942B-1674F4596662}.Release|Any CPU.Build.0 = Release|Any CPU
		{43B67537-F368-4734-B00A-57D8D33D3656}.Debug|Any CPU.ActiveCfg = Debug|Any CPU
		{43B67537-F368-4734-B00A-57D8D33D3656}.Debug|Any CPU.Build.0 = Debug|Any CPU
		{43B67537-F368-4734-B00A-57D8D33D3656}.Release|Any CPU.ActiveCfg = Release|Any CPU
		{43B67537-F368-4734-B00A-57D8D33D3656}.Release|Any CPU.Build.0 = Release|Any CPU
	EndGlobalSection
	GlobalSection(SolutionProperties) = preSolution
		HideSolutionNode = FALSE
	EndGlobalSection
	GlobalSection(NestedProjects) = preSolution
		{D0A473FA-E30B-4AF8-BB78-C1D81C9CAAB5} = {095889D2-1E9E-4398-B34D-161882DFD842}
		{60234E7B-1181-4EFF-96EE-624B4524D788} = {590A8271-85CB-4143-A18F-6B9F0A100C79}
		{EA74DAFD-7B57-4A74-942B-1674F4596662} = {590A8271-85CB-4143-A18F-6B9F0A100C79}
		{43B67537-F368-4734-B00A-57D8D33D3656} = {590A8271-85CB-4143-A18F-6B9F0A100C79}
	EndGlobalSection
	GlobalSection(ExtensibilityGlobals) = postSolution
		SolutionGuid = {0AC0DC83-01BB-4843-B146-FE93E1A445CF}
	EndGlobalSection
EndGlobal
