Microsoft Visual Studio Solution File, Format Version 12.00
# Visual Studio 15
VisualStudioVersion = 15.0.26114.2
MinimumVisualStudioVersion = 10.0.40219.1
Project("{2150E333-8FDC-42A3-9474-1A3956D46DE8}") = "src", "src", "{095889D2-1E9E-4398-B34D-161882DFD842}"
EndProject
Project("{2150E333-8FDC-42A3-9474-1A3956D46DE8}") = "test", "test", "{590A8271-85CB-4143-A18F-6B9F0A100C79}"
EndProject
Project("{9A19103F-16F7-4668-BE54-9A1E7A4F7556}") = "Braintree", "src\Braintree\Braintree.csproj", "{D3B18341-ABC6-4F6C-A5E3-F37B72EAA1FA}"
EndProject
Project("{9A19103F-16F7-4668-BE54-9A1E7A4F7556}") = "Braintree.Tests", "test\Braintree.Tests\Braintree.Tests.csproj", "{3A50B63A-B8A7-4A73-B528-CA635FB684EE}"
EndProject
Project("{9A19103F-16F7-4668-BE54-9A1E7A4F7556}") = "Braintree.Tests.Integration", "test\Braintree.Tests.Integration\Braintree.Tests.Integration.csproj", "{C09BEC51-0D79-4665-8341-4DC32A711BAE}"
EndProject
Project("{9A19103F-16F7-4668-BE54-9A1E7A4F7556}") = "Braintree.TestUtil", "test\Braintree.TestUtil\Braintree.TestUtil.csproj", "{4016AE7D-C030-42E3-9495-D996015FCB37}"
EndProject
Global
	GlobalSection(SolutionConfigurationPlatforms) = preSolution
		Debug|Any CPU = Debug|Any CPU
		Debug|x64 = Debug|x64
		Debug|x86 = Debug|x86
		Release|Any CPU = Release|Any CPU
		Release|x64 = Release|x64
		Release|x86 = Release|x86
	EndGlobalSection
	GlobalSection(ProjectConfigurationPlatforms) = postSolution
		{D3B18341-ABC6-4F6C-A5E3-F37B72EAA1FA}.Debug|Any CPU.ActiveCfg = Debug|Any CPU
		{D3B18341-ABC6-4F6C-A5E3-F37B72EAA1FA}.Debug|Any CPU.Build.0 = Debug|Any CPU
		{D3B18341-ABC6-4F6C-A5E3-F37B72EAA1FA}.Debug|x64.ActiveCfg = Debug|Any CPU
		{D3B18341-ABC6-4F6C-A5E3-F37B72EAA1FA}.Debug|x64.Build.0 = Debug|Any CPU
		{D3B18341-ABC6-4F6C-A5E3-F37B72EAA1FA}.Debug|x86.ActiveCfg = Debug|Any CPU
		{D3B18341-ABC6-4F6C-A5E3-F37B72EAA1FA}.Debug|x86.Build.0 = Debug|Any CPU
		{D3B18341-ABC6-4F6C-A5E3-F37B72EAA1FA}.Release|Any CPU.ActiveCfg = Release|Any CPU
		{D3B18341-ABC6-4F6C-A5E3-F37B72EAA1FA}.Release|Any CPU.Build.0 = Release|Any CPU
		{D3B18341-ABC6-4F6C-A5E3-F37B72EAA1FA}.Release|x64.ActiveCfg = Release|Any CPU
		{D3B18341-ABC6-4F6C-A5E3-F37B72EAA1FA}.Release|x64.Build.0 = Release|Any CPU
		{D3B18341-ABC6-4F6C-A5E3-F37B72EAA1FA}.Release|x86.ActiveCfg = Release|Any CPU
		{D3B18341-ABC6-4F6C-A5E3-F37B72EAA1FA}.Release|x86.Build.0 = Release|Any CPU
		{3A50B63A-B8A7-4A73-B528-CA635FB684EE}.Debug|Any CPU.ActiveCfg = Debug|Any CPU
		{3A50B63A-B8A7-4A73-B528-CA635FB684EE}.Debug|Any CPU.Build.0 = Debug|Any CPU
		{3A50B63A-B8A7-4A73-B528-CA635FB684EE}.Debug|x64.ActiveCfg = Debug|Any CPU
		{3A50B63A-B8A7-4A73-B528-CA635FB684EE}.Debug|x64.Build.0 = Debug|Any CPU
		{3A50B63A-B8A7-4A73-B528-CA635FB684EE}.Debug|x86.ActiveCfg = Debug|Any CPU
		{3A50B63A-B8A7-4A73-B528-CA635FB684EE}.Debug|x86.Build.0 = Debug|Any CPU
		{3A50B63A-B8A7-4A73-B528-CA635FB684EE}.Release|Any CPU.ActiveCfg = Release|Any CPU
		{3A50B63A-B8A7-4A73-B528-CA635FB684EE}.Release|Any CPU.Build.0 = Release|Any CPU
		{3A50B63A-B8A7-4A73-B528-CA635FB684EE}.Release|x64.ActiveCfg = Release|Any CPU
		{3A50B63A-B8A7-4A73-B528-CA635FB684EE}.Release|x64.Build.0 = Release|Any CPU
		{3A50B63A-B8A7-4A73-B528-CA635FB684EE}.Release|x86.ActiveCfg = Release|Any CPU
		{3A50B63A-B8A7-4A73-B528-CA635FB684EE}.Release|x86.Build.0 = Release|Any CPU
		{C09BEC51-0D79-4665-8341-4DC32A711BAE}.Debug|Any CPU.ActiveCfg = Debug|Any CPU
		{C09BEC51-0D79-4665-8341-4DC32A711BAE}.Debug|Any CPU.Build.0 = Debug|Any CPU
		{C09BEC51-0D79-4665-8341-4DC32A711BAE}.Debug|x64.ActiveCfg = Debug|Any CPU
		{C09BEC51-0D79-4665-8341-4DC32A711BAE}.Debug|x64.Build.0 = Debug|Any CPU
		{C09BEC51-0D79-4665-8341-4DC32A711BAE}.Debug|x86.ActiveCfg = Debug|Any CPU
		{C09BEC51-0D79-4665-8341-4DC32A711BAE}.Debug|x86.Build.0 = Debug|Any CPU
		{C09BEC51-0D79-4665-8341-4DC32A711BAE}.Release|Any CPU.ActiveCfg = Release|Any CPU
		{C09BEC51-0D79-4665-8341-4DC32A711BAE}.Release|Any CPU.Build.0 = Release|Any CPU
		{C09BEC51-0D79-4665-8341-4DC32A711BAE}.Release|x64.ActiveCfg = Release|Any CPU
		{C09BEC51-0D79-4665-8341-4DC32A711BAE}.Release|x64.Build.0 = Release|Any CPU
		{C09BEC51-0D79-4665-8341-4DC32A711BAE}.Release|x86.ActiveCfg = Release|Any CPU
		{C09BEC51-0D79-4665-8341-4DC32A711BAE}.Release|x86.Build.0 = Release|Any CPU
		{4016AE7D-C030-42E3-9495-D996015FCB37}.Debug|Any CPU.ActiveCfg = Debug|Any CPU
		{4016AE7D-C030-42E3-9495-D996015FCB37}.Debug|Any CPU.Build.0 = Debug|Any CPU
		{4016AE7D-C030-42E3-9495-D996015FCB37}.Debug|x64.ActiveCfg = Debug|Any CPU
		{4016AE7D-C030-42E3-9495-D996015FCB37}.Debug|x64.Build.0 = Debug|Any CPU
		{4016AE7D-C030-42E3-9495-D996015FCB37}.Debug|x86.ActiveCfg = Debug|Any CPU
		{4016AE7D-C030-42E3-9495-D996015FCB37}.Debug|x86.Build.0 = Debug|Any CPU
		{4016AE7D-C030-42E3-9495-D996015FCB37}.Release|Any CPU.ActiveCfg = Release|Any CPU
		{4016AE7D-C030-42E3-9495-D996015FCB37}.Release|Any CPU.Build.0 = Release|Any CPU
		{4016AE7D-C030-42E3-9495-D996015FCB37}.Release|x64.ActiveCfg = Release|Any CPU
		{4016AE7D-C030-42E3-9495-D996015FCB37}.Release|x64.Build.0 = Release|Any CPU
		{4016AE7D-C030-42E3-9495-D996015FCB37}.Release|x86.ActiveCfg = Release|Any CPU
		{4016AE7D-C030-42E3-9495-D996015FCB37}.Release|x86.Build.0 = Release|Any CPU
	EndGlobalSection
	GlobalSection(SolutionProperties) = preSolution
		HideSolutionNode = FALSE
	EndGlobalSection
	GlobalSection(NestedProjects) = preSolution
		{D3B18341-ABC6-4F6C-A5E3-F37B72EAA1FA} = {095889D2-1E9E-4398-B34D-161882DFD842}
		{3A50B63A-B8A7-4A73-B528-CA635FB684EE} = {590A8271-85CB-4143-A18F-6B9F0A100C79}
		{C09BEC51-0D79-4665-8341-4DC32A711BAE} = {590A8271-85CB-4143-A18F-6B9F0A100C79}
		{4016AE7D-C030-42E3-9495-D996015FCB37} = {590A8271-85CB-4143-A18F-6B9F0A100C79}
	EndGlobalSection
	GlobalSection(ExtensibilityGlobals) = postSolution
		SolutionGuid = {F15EC12D-FE30-4B58-BAAC-AD3A6438056D}
	EndGlobalSection
EndGlobal
